
Microsoft Visual Studio Solution File, Format Version 12.00
# Visual Studio Version 17
VisualStudioVersion = 17.11.35222.181
MinimumVisualStudioVersion = 10.0.40219.1
Project("{FAE04EC0-301F-11D3-BF4B-00C04F79EFBC}") = "Music Hw", "Music Hw.csproj", "{DCF32CC8-4FB4-4175-8A32-E7A9487F582E}"
EndProject
Global
	GlobalSection(SolutionConfigurationPlatforms) = preSolution
		Debug|Any CPU = Debug|Any CPU
		Release|Any CPU = Release|Any CPU
	EndGlobalSection
	GlobalSection(ProjectConfigurationPlatforms) = postSolution
		{DCF32CC8-4FB4-4175-8A32-E7A9487F582E}.Debug|Any CPU.ActiveCfg = Debug|Any CPU
		{DCF32CC8-4FB4-4175-8A32-E7A9487F582E}.Debug|Any CPU.Build.0 = Debug|Any CPU
		{DCF32CC8-4FB4-4175-8A32-E7A9487F582E}.Release|Any CPU.ActiveCfg = Release|Any CPU
		{DCF32CC8-4FB4-4175-8A32-E7A9487F582E}.Release|Any CPU.Build.0 = Release|Any CPU
	EndGlobalSection
	GlobalSection(SolutionProperties) = preSolution
		HideSolutionNode = FALSE
	EndGlobalSection
	GlobalSection(ExtensibilityGlobals) = postSolution
		SolutionGuid = {A188CBAD-90B0-43FA-B6DE-C46661EF1E90}
	EndGlobalSection
EndGlobal
