
Microsoft Visual Studio Solution File, Format Version 12.00
# Visual Studio Version 17
VisualStudioVersion = 17.8.34316.72
MinimumVisualStudioVersion = 10.0.40219.1
Project("{FAE04EC0-301F-11D3-BF4B-00C04F79EFBC}") = "Caculator", "Caculator.csproj", "{A231084C-F070-458A-82B1-D6DA0E7B8FBE}"
EndProject
Global
	GlobalSection(SolutionConfigurationPlatforms) = preSolution
		Debug|Any CPU = Debug|Any CPU
		Release|Any CPU = Release|Any CPU
	EndGlobalSection
	GlobalSection(ProjectConfigurationPlatforms) = postSolution
		{A231084C-F070-458A-82B1-D6DA0E7B8FBE}.Debug|Any CPU.ActiveCfg = Debug|Any CPU
		{A231084C-F070-458A-82B1-D6DA0E7B8FBE}.Debug|Any CPU.Build.0 = Debug|Any CPU
		{A231084C-F070-458A-82B1-D6DA0E7B8FBE}.Release|Any CPU.ActiveCfg = Release|Any CPU
		{A231084C-F070-458A-82B1-D6DA0E7B8FBE}.Release|Any CPU.Build.0 = Release|Any CPU
	EndGlobalSection
	GlobalSection(SolutionProperties) = preSolution
		HideSolutionNode = FALSE
	EndGlobalSection
	GlobalSection(ExtensibilityGlobals) = postSolution
		SolutionGuid = {3F6AE5B3-CEEA-4428-92AC-59347EABF697}
	EndGlobalSection
EndGlobal
