
Microsoft Visual Studio Solution File, Format Version 12.00
# Visual Studio Version 17
VisualStudioVersion = 17.11.35303.130
MinimumVisualStudioVersion = 10.0.40219.1
Project("{FAE04EC0-301F-11D3-BF4B-00C04F79EFBC}") = "PricingEngine", "PricingEngine.csproj", "{830AA246-CAA8-45BA-9F07-D2B87A0F80B1}"
EndProject
Project("{FAE04EC0-301F-11D3-BF4B-00C04F79EFBC}") = "PricingEngineTests", "..\PricingEngineTests\PricingEngineTests.csproj", "{91E92C94-EC6D-4F1C-80DB-E44679C2C10E}"
EndProject
Global
	GlobalSection(SolutionConfigurationPlatforms) = preSolution
		Debug|Any CPU = Debug|Any CPU
		Release|Any CPU = Release|Any CPU
	EndGlobalSection
	GlobalSection(ProjectConfigurationPlatforms) = postSolution
		{830AA246-CAA8-45BA-9F07-D2B87A0F80B1}.Debug|Any CPU.ActiveCfg = Debug|Any CPU
		{830AA246-CAA8-45BA-9F07-D2B87A0F80B1}.Debug|Any CPU.Build.0 = Debug|Any CPU
		{830AA246-CAA8-45BA-9F07-D2B87A0F80B1}.Release|Any CPU.ActiveCfg = Release|Any CPU
		{830AA246-CAA8-45BA-9F07-D2B87A0F80B1}.Release|Any CPU.Build.0 = Release|Any CPU
		{91E92C94-EC6D-4F1C-80DB-E44679C2C10E}.Debug|Any CPU.ActiveCfg = Debug|Any CPU
		{91E92C94-EC6D-4F1C-80DB-E44679C2C10E}.Debug|Any CPU.Build.0 = Debug|Any CPU
		{91E92C94-EC6D-4F1C-80DB-E44679C2C10E}.Release|Any CPU.ActiveCfg = Release|Any CPU
		{91E92C94-EC6D-4F1C-80DB-E44679C2C10E}.Release|Any CPU.Build.0 = Release|Any CPU
	EndGlobalSection
	GlobalSection(SolutionProperties) = preSolution
		HideSolutionNode = FALSE
	EndGlobalSection
	GlobalSection(ExtensibilityGlobals) = postSolution
		SolutionGuid = {A91BFB96-3880-4EFE-93D7-1A8055936537}
	EndGlobalSection
EndGlobal
